
Microsoft Visual Studio Solution File, Format Version 12.00
# Visual Studio Version 17
VisualStudioVersion = 17.13.35931.197 d17.13
MinimumVisualStudioVersion = 10.0.40219.1
Project("{FAE04EC0-301F-11D3-BF4B-00C04F79EFBC}") = "CurlingStoneTrackerApp", "CurlingStoneTrackerApp\CurlingStoneTrackerApp.csproj", "{ED01842E-47BE-46C2-A8BF-29559B31C6EE}"
EndProject
Global
	GlobalSection(SolutionConfigurationPlatforms) = preSolution
		Debug|Any CPU = Debug|Any CPU
		Release|Any CPU = Release|Any CPU
	EndGlobalSection
	GlobalSection(ProjectConfigurationPlatforms) = postSolution
		{ED01842E-47BE-46C2-A8BF-29559B31C6EE}.Debug|Any CPU.ActiveCfg = Debug|Any CPU
		{ED01842E-47BE-46C2-A8BF-29559B31C6EE}.Debug|Any CPU.Build.0 = Debug|Any CPU
		{ED01842E-47BE-46C2-A8BF-29559B31C6EE}.Release|Any CPU.ActiveCfg = Release|Any CPU
		{ED01842E-47BE-46C2-A8BF-29559B31C6EE}.Release|Any CPU.Build.0 = Release|Any CPU
	EndGlobalSection
	GlobalSection(SolutionProperties) = preSolution
		HideSolutionNode = FALSE
	EndGlobalSection
	GlobalSection(ExtensibilityGlobals) = postSolution
		SolutionGuid = {9FD1BB79-E499-4E00-92AB-3C35535E4221}
	EndGlobalSection
EndGlobal
